
Microsoft Visual Studio Solution File, Format Version 12.00
# Visual Studio Version 17
VisualStudioVersion = 17.3.32901.215
MinimumVisualStudioVersion = 10.0.40219.1
Project("{FAE04EC0-301F-11D3-BF4B-00C04F79EFBC}") = "Exercicio_POO_06_Aluno", "Exercicio_POO_06_Aluno.csproj", "{5953D762-AB75-4B93-A6B7-227F6471AF7C}"
EndProject
Global
	GlobalSection(SolutionConfigurationPlatforms) = preSolution
		Debug|Any CPU = Debug|Any CPU
		Release|Any CPU = Release|Any CPU
	EndGlobalSection
	GlobalSection(ProjectConfigurationPlatforms) = postSolution
		{5953D762-AB75-4B93-A6B7-227F6471AF7C}.Debug|Any CPU.ActiveCfg = Debug|Any CPU
		{5953D762-AB75-4B93-A6B7-227F6471AF7C}.Debug|Any CPU.Build.0 = Debug|Any CPU
		{5953D762-AB75-4B93-A6B7-227F6471AF7C}.Release|Any CPU.ActiveCfg = Release|Any CPU
		{5953D762-AB75-4B93-A6B7-227F6471AF7C}.Release|Any CPU.Build.0 = Release|Any CPU
	EndGlobalSection
	GlobalSection(SolutionProperties) = preSolution
		HideSolutionNode = FALSE
	EndGlobalSection
	GlobalSection(ExtensibilityGlobals) = postSolution
		SolutionGuid = {4663B2E1-C8A1-4C15-9F46-820DCC1DD3D1}
	EndGlobalSection
EndGlobal
